
Microsoft Visual Studio Solution File, Format Version 12.00
# Visual Studio Version 17
VisualStudioVersion = 17.8.34408.163
MinimumVisualStudioVersion = 10.0.40219.1
Project("{FAE04EC0-301F-11D3-BF4B-00C04F79EFBC}") = "new pr 6", "new pr 6\new pr 6.csproj", "{09A546B8-EEFB-4E90-8C5E-6181880606EC}"
EndProject
Global
	GlobalSection(SolutionConfigurationPlatforms) = preSolution
		Debug|Any CPU = Debug|Any CPU
		Release|Any CPU = Release|Any CPU
	EndGlobalSection
	GlobalSection(ProjectConfigurationPlatforms) = postSolution
		{09A546B8-EEFB-4E90-8C5E-6181880606EC}.Debug|Any CPU.ActiveCfg = Debug|Any CPU
		{09A546B8-EEFB-4E90-8C5E-6181880606EC}.Debug|Any CPU.Build.0 = Debug|Any CPU
		{09A546B8-EEFB-4E90-8C5E-6181880606EC}.Release|Any CPU.ActiveCfg = Release|Any CPU
		{09A546B8-EEFB-4E90-8C5E-6181880606EC}.Release|Any CPU.Build.0 = Release|Any CPU
	EndGlobalSection
	GlobalSection(SolutionProperties) = preSolution
		HideSolutionNode = FALSE
	EndGlobalSection
	GlobalSection(ExtensibilityGlobals) = postSolution
		SolutionGuid = {9B935E01-0011-4424-AC23-FF5497B9C076}
	EndGlobalSection
EndGlobal
